
Microsoft Visual Studio Solution File, Format Version 12.00
# Visual Studio 15
Project("{FAE04EC0-301F-11D3-BF4B-00C04F79EFBC}") = "Unity.Timeline", "Unity.Timeline.csproj", "{F56D80BC-835D-4F4A-6C59-FD3E94D49F39}"
EndProject
Project("{FAE04EC0-301F-11D3-BF4B-00C04F79EFBC}") = "Unity.PlasticSCM.Editor", "Unity.PlasticSCM.Editor.csproj", "{C6FDCE08-56D5-9EA0-519A-E6D4A335651D}"
EndProject
Project("{FAE04EC0-301F-11D3-BF4B-00C04F79EFBC}") = "Unity.2D.Aseprite.Editor", "Unity.2D.Aseprite.Editor.csproj", "{7BEA5415-7F47-5FEA-C65E-57C994687642}"
EndProject
Project("{FAE04EC0-301F-11D3-BF4B-00C04F79EFBC}") = "Unity.Mathematics", "Unity.Mathematics.csproj", "{66815C5A-1153-12E2-46C6-95525A9DD6D5}"
EndProject
Project("{FAE04EC0-301F-11D3-BF4B-00C04F79EFBC}") = "Unity.Timeline.Editor", "Unity.Timeline.Editor.csproj", "{F39B9653-93FF-CA3F-B76A-44F8B611E5E1}"
EndProject
Project("{FAE04EC0-301F-11D3-BF4B-00C04F79EFBC}") = "Unity.Collections", "Unity.Collections.csproj", "{3802536E-F7AF-C235-3436-59430B829D01}"
EndProject
Project("{FAE04EC0-301F-11D3-BF4B-00C04F79EFBC}") = "Unity.2D.IK.Runtime", "Unity.2D.IK.Runtime.csproj", "{6562E7FC-66E9-334C-D2F7-26E870494447}"
EndProject
Project("{FAE04EC0-301F-11D3-BF4B-00C04F79EFBC}") = "Unity.2D.Psdimporter.Editor", "Unity.2D.Psdimporter.Editor.csproj", "{CF6F75E5-F59C-B978-7743-CF6B74D79F7E}"
EndProject
Project("{FAE04EC0-301F-11D3-BF4B-00C04F79EFBC}") = "Unity.VisualScripting.Core.Editor", "Unity.VisualScripting.Core.Editor.csproj", "{56D27FD0-024F-6160-5C1A-2DD8BA02B68D}"
EndProject
Project("{FAE04EC0-301F-11D3-BF4B-00C04F79EFBC}") = "Unity.PerformanceTesting.Editor", "Unity.PerformanceTesting.Editor.csproj", "{1AFCE4C4-E175-05BB-71E4-1238A624B5BD}"
EndProject
Project("{FAE04EC0-301F-11D3-BF4B-00C04F79EFBC}") = "UnityEngine.TestRunner", "UnityEngine.TestRunner.csproj", "{86B0D4CA-7C90-EDCC-5ECC-3D8E9C959111}"
EndProject
Project("{FAE04EC0-301F-11D3-BF4B-00C04F79EFBC}") = "Unity.Burst", "Unity.Burst.csproj", "{26204BDE-2732-90B3-5EF8-5DAF945276CF}"
EndProject
Project("{FAE04EC0-301F-11D3-BF4B-00C04F79EFBC}") = "Unity.VisualScripting.Flow.Editor", "Unity.VisualScripting.Flow.Editor.csproj", "{4B479C0D-4C8A-6EBF-15FD-C016AB5A143B}"
EndProject
Project("{FAE04EC0-301F-11D3-BF4B-00C04F79EFBC}") = "Unity.2D.SpriteShape.Editor", "Unity.2D.SpriteShape.Editor.csproj", "{134B92BF-94DD-8712-377A-E3DF0EA85AFF}"
EndProject
Project("{FAE04EC0-301F-11D3-BF4B-00C04F79EFBC}") = "Unity.VisualStudio.Editor", "Unity.VisualStudio.Editor.csproj", "{3971B890-75D8-DF7A-BC55-A2ABC72E5703}"
EndProject
Project("{FAE04EC0-301F-11D3-BF4B-00C04F79EFBC}") = "Unity.InputSystem", "Unity.InputSystem.csproj", "{8A006E23-3EFC-962D-29C4-F3694EFEFDED}"
EndProject
Project("{FAE04EC0-301F-11D3-BF4B-00C04F79EFBC}") = "Assembly-CSharp-Editor", "Assembly-CSharp-Editor.csproj", "{A0B78C59-7C24-FCDB-94AA-CB7C0F76FDEB}"
EndProject
Project("{FAE04EC0-301F-11D3-BF4B-00C04F79EFBC}") = "Unity.2D.Animation.Editor", "Unity.2D.Animation.Editor.csproj", "{893B2507-6BDC-C74F-8BB2-AD08DCBFCCA5}"
EndProject
Project("{FAE04EC0-301F-11D3-BF4B-00C04F79EFBC}") = "Unity.Searcher.Editor", "Unity.Searcher.Editor.csproj", "{EA5CE510-FD3D-C8F6-4C92-AB6A2D2402CE}"
EndProject
Project("{FAE04EC0-301F-11D3-BF4B-00C04F79EFBC}") = "Unity.2D.SpriteShape.Runtime", "Unity.2D.SpriteShape.Runtime.csproj", "{740F2803-E803-32E5-9316-CB43173865A0}"
EndProject
Project("{FAE04EC0-301F-11D3-BF4B-00C04F79EFBC}") = "UnityEditor.TestRunner", "UnityEditor.TestRunner.csproj", "{8901FC53-E222-39CF-70CE-EC778FED7DD3}"
EndProject
Project("{FAE04EC0-301F-11D3-BF4B-00C04F79EFBC}") = "Unity.VisualScripting.Core", "Unity.VisualScripting.Core.csproj", "{44B02703-10D4-B689-AACC-4888D2CA2479}"
EndProject
Project("{FAE04EC0-301F-11D3-BF4B-00C04F79EFBC}") = "Unity.CollabProxy.Editor", "Unity.CollabProxy.Editor.csproj", "{371FBD57-C68F-4BC7-3742-49A44E2583BD}"
EndProject
Project("{FAE04EC0-301F-11D3-BF4B-00C04F79EFBC}") = "Unity.VisualScripting.State.Editor", "Unity.VisualScripting.State.Editor.csproj", "{B90CE1CF-FC2A-1A0C-F172-A71A5EBEF588}"
EndProject
Project("{FAE04EC0-301F-11D3-BF4B-00C04F79EFBC}") = "Unity.Burst.CodeGen", "Unity.Burst.CodeGen.csproj", "{83CC8FCE-DD67-5C14-C389-612614983752}"
EndProject
Project("{FAE04EC0-301F-11D3-BF4B-00C04F79EFBC}") = "Unity.VisualScripting.Flow", "Unity.VisualScripting.Flow.csproj", "{15C66372-7943-006E-7441-033F31EF469E}"
EndProject
Project("{FAE04EC0-301F-11D3-BF4B-00C04F79EFBC}") = "Unity.PerformanceTesting", "Unity.PerformanceTesting.csproj", "{71BCBD35-C6EC-8ED7-2D87-B7D6C6432B0B}"
EndProject
Project("{FAE04EC0-301F-11D3-BF4B-00C04F79EFBC}") = "Unity.2D.Tilemap.Extras.Editor", "Unity.2D.Tilemap.Extras.Editor.csproj", "{9A888F64-DF11-E5FC-D438-CEEB0E235BE5}"
EndProject
Project("{FAE04EC0-301F-11D3-BF4B-00C04F79EFBC}") = "PsdPlugin", "PsdPlugin.csproj", "{588A6226-B3D3-6539-353C-D197AA17282F}"
EndProject
Project("{FAE04EC0-301F-11D3-BF4B-00C04F79EFBC}") = "Unity.2D.IK.Editor", "Unity.2D.IK.Editor.csproj", "{1055A419-C922-9644-6221-B16F43474C72}"
EndProject
Project("{FAE04EC0-301F-11D3-BF4B-00C04F79EFBC}") = "Unity.InternalAPIEngineBridge.001", "Unity.InternalAPIEngineBridge.001.csproj", "{49ABCE22-1730-A264-F693-DA708B62D975}"
EndProject
Project("{FAE04EC0-301F-11D3-BF4B-00C04F79EFBC}") = "Unity.2D.Aseprite.Common", "Unity.2D.Aseprite.Common.csproj", "{7329B97A-C76B-78F7-3C80-1B68B8D81806}"
EndProject
Project("{FAE04EC0-301F-11D3-BF4B-00C04F79EFBC}") = "Unity.Burst.Editor", "Unity.Burst.Editor.csproj", "{B28EAAB3-B75E-9D87-E90E-5472A46AE771}"
EndProject
Project("{FAE04EC0-301F-11D3-BF4B-00C04F79EFBC}") = "Unity.2D.Common.Path.Editor", "Unity.2D.Common.Path.Editor.csproj", "{B019F361-3043-2F02-530F-510BD867B76C}"
EndProject
Project("{FAE04EC0-301F-11D3-BF4B-00C04F79EFBC}") = "Unity.2D.Common.Editor", "Unity.2D.Common.Editor.csproj", "{7AD9381D-5AC9-9755-5DF4-0C88DF13FB15}"
EndProject
Project("{FAE04EC0-301F-11D3-BF4B-00C04F79EFBC}") = "Unity.Rider.Editor", "Unity.Rider.Editor.csproj", "{F9878C11-9F49-E185-D1D5-D04AB1FA9CF3}"
EndProject
Project("{FAE04EC0-301F-11D3-BF4B-00C04F79EFBC}") = "Unity.VisualScripting.State", "Unity.VisualScripting.State.csproj", "{E6A97DCC-CEC7-D983-0B94-1A28B0B69184}"
EndProject
Project("{FAE04EC0-301F-11D3-BF4B-00C04F79EFBC}") = "Unity.InternalAPIEditorBridge.001", "Unity.InternalAPIEditorBridge.001.csproj", "{B0905D0A-0CC0-9CC2-A33A-50453FF82094}"
EndProject
Project("{FAE04EC0-301F-11D3-BF4B-00C04F79EFBC}") = "Assembly-CSharp", "Assembly-CSharp.csproj", "{DCB8EAD3-62A0-9F15-43B5-6CE2B44500B4}"
EndProject
Project("{FAE04EC0-301F-11D3-BF4B-00C04F79EFBC}") = "Unity.2D.PixelPerfect.Editor", "Unity.2D.PixelPerfect.Editor.csproj", "{01817B8B-97B1-C1BC-53B3-021F15B66497}"
EndProject
Project("{FAE04EC0-301F-11D3-BF4B-00C04F79EFBC}") = "Unity.InputSystem.ForUI", "Unity.InputSystem.ForUI.csproj", "{DD468FAB-AF66-6EEF-1A89-F5B6FEFBCAE2}"
EndProject
Project("{FAE04EC0-301F-11D3-BF4B-00C04F79EFBC}") = "Unity.Collections.CodeGen", "Unity.Collections.CodeGen.csproj", "{2B926502-642C-B65C-7A88-35D8F41D379F}"
EndProject
Project("{FAE04EC0-301F-11D3-BF4B-00C04F79EFBC}") = "Unity.2D.Tilemap.Extras", "Unity.2D.Tilemap.Extras.csproj", "{522FE76C-F8F6-E5B9-EF06-B0DADF2FEA16}"
EndProject
Project("{FAE04EC0-301F-11D3-BF4B-00C04F79EFBC}") = "Unity.2D.Animation.Runtime", "Unity.2D.Animation.Runtime.csproj", "{4453B5ED-84C2-26B6-E7A9-F8D350339B6C}"
EndProject
Project("{FAE04EC0-301F-11D3-BF4B-00C04F79EFBC}") = "Unity.Mathematics.Editor", "Unity.Mathematics.Editor.csproj", "{8DB36B21-2E6F-1FEB-8C72-B003E9A24B78}"
EndProject
Project("{FAE04EC0-301F-11D3-BF4B-00C04F79EFBC}") = "Unity.VisualScripting.SettingsProvider.Editor", "Unity.VisualScripting.SettingsProvider.Editor.csproj", "{0C3BF8C0-430C-9F23-ED07-04B15D79AE4C}"
EndProject
Project("{FAE04EC0-301F-11D3-BF4B-00C04F79EFBC}") = "Unity.InputSystem.TestFramework", "Unity.InputSystem.TestFramework.csproj", "{4E79DBD0-973C-49A1-2B1B-5C029454775F}"
EndProject
Project("{FAE04EC0-301F-11D3-BF4B-00C04F79EFBC}") = "Unity.VisualScripting.Shared.Editor", "Unity.VisualScripting.Shared.Editor.csproj", "{D831AD29-5F10-CB75-4706-1635460072A3}"
EndProject
Project("{FAE04EC0-301F-11D3-BF4B-00C04F79EFBC}") = "Unity.2D.Common.Runtime", "Unity.2D.Common.Runtime.csproj", "{0FD93875-D859-FEA5-815C-3C21FA2AC609}"
EndProject
Project("{FAE04EC0-301F-11D3-BF4B-00C04F79EFBC}") = "Unity.2D.PixelPerfect", "Unity.2D.PixelPerfect.csproj", "{0146B455-4CB8-050B-E3F9-2C02BC8DF677}"
EndProject
Project("{FAE04EC0-301F-11D3-BF4B-00C04F79EFBC}") = "Unity.InputSystem.DocCodeSamples", "Unity.InputSystem.DocCodeSamples.csproj", "{2927A191-0E2C-4A07-2331-2C91E3D67C25}"
EndProject
Project("{FAE04EC0-301F-11D3-BF4B-00C04F79EFBC}") = "ScriptablePacker", "ScriptablePacker.csproj", "{28978A9C-BCE1-B0E3-FECA-FA950E9C03D7}"
EndProject
Project("{FAE04EC0-301F-11D3-BF4B-00C04F79EFBC}") = "Unity.Collections.Editor", "Unity.Collections.Editor.csproj", "{DA14E10E-90DB-26A8-21CC-4FA50F964124}"
EndProject
Global
	GlobalSection(SolutionConfigurationPlatforms) = preSolution
		Debug|Any CPU = Debug|Any CPU
		Release|Any CPU = Release|Any CPU
	EndGlobalSection
	GlobalSection(ProjectConfigurationPlatforms) = postSolution
		{F56D80BC-835D-4F4A-6C59-FD3E94D49F39}.Debug|Any CPU.ActiveCfg = Debug|Any CPU
		{F56D80BC-835D-4F4A-6C59-FD3E94D49F39}.Debug|Any CPU.Build.0 = Debug|Any CPU
		{F56D80BC-835D-4F4A-6C59-FD3E94D49F39}.Release|Any CPU.ActiveCfg = Release|Any CPU
		{F56D80BC-835D-4F4A-6C59-FD3E94D49F39}.Release|Any CPU.Build.0 = Release|Any CPU
		{C6FDCE08-56D5-9EA0-519A-E6D4A335651D}.Debug|Any CPU.ActiveCfg = Debug|Any CPU
		{C6FDCE08-56D5-9EA0-519A-E6D4A335651D}.Debug|Any CPU.Build.0 = Debug|Any CPU
		{C6FDCE08-56D5-9EA0-519A-E6D4A335651D}.Release|Any CPU.ActiveCfg = Release|Any CPU
		{C6FDCE08-56D5-9EA0-519A-E6D4A335651D}.Release|Any CPU.Build.0 = Release|Any CPU
		{7BEA5415-7F47-5FEA-C65E-57C994687642}.Debug|Any CPU.ActiveCfg = Debug|Any CPU
		{7BEA5415-7F47-5FEA-C65E-57C994687642}.Debug|Any CPU.Build.0 = Debug|Any CPU
		{7BEA5415-7F47-5FEA-C65E-57C994687642}.Release|Any CPU.ActiveCfg = Release|Any CPU
		{7BEA5415-7F47-5FEA-C65E-57C994687642}.Release|Any CPU.Build.0 = Release|Any CPU
		{66815C5A-1153-12E2-46C6-95525A9DD6D5}.Debug|Any CPU.ActiveCfg = Debug|Any CPU
		{66815C5A-1153-12E2-46C6-95525A9DD6D5}.Debug|Any CPU.Build.0 = Debug|Any CPU
		{66815C5A-1153-12E2-46C6-95525A9DD6D5}.Release|Any CPU.ActiveCfg = Release|Any CPU
		{66815C5A-1153-12E2-46C6-95525A9DD6D5}.Release|Any CPU.Build.0 = Release|Any CPU
		{F39B9653-93FF-CA3F-B76A-44F8B611E5E1}.Debug|Any CPU.ActiveCfg = Debug|Any CPU
		{F39B9653-93FF-CA3F-B76A-44F8B611E5E1}.Debug|Any CPU.Build.0 = Debug|Any CPU
		{F39B9653-93FF-CA3F-B76A-44F8B611E5E1}.Release|Any CPU.ActiveCfg = Release|Any CPU
		{F39B9653-93FF-CA3F-B76A-44F8B611E5E1}.Release|Any CPU.Build.0 = Release|Any CPU
		{3802536E-F7AF-C235-3436-59430B829D01}.Debug|Any CPU.ActiveCfg = Debug|Any CPU
		{3802536E-F7AF-C235-3436-59430B829D01}.Debug|Any CPU.Build.0 = Debug|Any CPU
		{3802536E-F7AF-C235-3436-59430B829D01}.Release|Any CPU.ActiveCfg = Release|Any CPU
		{3802536E-F7AF-C235-3436-59430B829D01}.Release|Any CPU.Build.0 = Release|Any CPU
		{6562E7FC-66E9-334C-D2F7-26E870494447}.Debug|Any CPU.ActiveCfg = Debug|Any CPU
		{6562E7FC-66E9-334C-D2F7-26E870494447}.Debug|Any CPU.Build.0 = Debug|Any CPU
		{6562E7FC-66E9-334C-D2F7-26E870494447}.Release|Any CPU.ActiveCfg = Release|Any CPU
		{6562E7FC-66E9-334C-D2F7-26E870494447}.Release|Any CPU.Build.0 = Release|Any CPU
		{CF6F75E5-F59C-B978-7743-CF6B74D79F7E}.Debug|Any CPU.ActiveCfg = Debug|Any CPU
		{CF6F75E5-F59C-B978-7743-CF6B74D79F7E}.Debug|Any CPU.Build.0 = Debug|Any CPU
		{CF6F75E5-F59C-B978-7743-CF6B74D79F7E}.Release|Any CPU.ActiveCfg = Release|Any CPU
		{CF6F75E5-F59C-B978-7743-CF6B74D79F7E}.Release|Any CPU.Build.0 = Release|Any CPU
		{56D27FD0-024F-6160-5C1A-2DD8BA02B68D}.Debug|Any CPU.ActiveCfg = Debug|Any CPU
		{56D27FD0-024F-6160-5C1A-2DD8BA02B68D}.Debug|Any CPU.Build.0 = Debug|Any CPU
		{56D27FD0-024F-6160-5C1A-2DD8BA02B68D}.Release|Any CPU.ActiveCfg = Release|Any CPU
		{56D27FD0-024F-6160-5C1A-2DD8BA02B68D}.Release|Any CPU.Build.0 = Release|Any CPU
		{1AFCE4C4-E175-05BB-71E4-1238A624B5BD}.Debug|Any CPU.ActiveCfg = Debug|Any CPU
		{1AFCE4C4-E175-05BB-71E4-1238A624B5BD}.Debug|Any CPU.Build.0 = Debug|Any CPU
		{1AFCE4C4-E175-05BB-71E4-1238A624B5BD}.Release|Any CPU.ActiveCfg = Release|Any CPU
		{1AFCE4C4-E175-05BB-71E4-1238A624B5BD}.Release|Any CPU.Build.0 = Release|Any CPU
		{86B0D4CA-7C90-EDCC-5ECC-3D8E9C959111}.Debug|Any CPU.ActiveCfg = Debug|Any CPU
		{86B0D4CA-7C90-EDCC-5ECC-3D8E9C959111}.Debug|Any CPU.Build.0 = Debug|Any CPU
		{86B0D4CA-7C90-EDCC-5ECC-3D8E9C959111}.Release|Any CPU.ActiveCfg = Release|Any CPU
		{86B0D4CA-7C90-EDCC-5ECC-3D8E9C959111}.Release|Any CPU.Build.0 = Release|Any CPU
		{26204BDE-2732-90B3-5EF8-5DAF945276CF}.Debug|Any CPU.ActiveCfg = Debug|Any CPU
		{26204BDE-2732-90B3-5EF8-5DAF945276CF}.Debug|Any CPU.Build.0 = Debug|Any CPU
		{26204BDE-2732-90B3-5EF8-5DAF945276CF}.Release|Any CPU.ActiveCfg = Release|Any CPU
		{26204BDE-2732-90B3-5EF8-5DAF945276CF}.Release|Any CPU.Build.0 = Release|Any CPU
		{4B479C0D-4C8A-6EBF-15FD-C016AB5A143B}.Debug|Any CPU.ActiveCfg = Debug|Any CPU
		{4B479C0D-4C8A-6EBF-15FD-C016AB5A143B}.Debug|Any CPU.Build.0 = Debug|Any CPU
		{4B479C0D-4C8A-6EBF-15FD-C016AB5A143B}.Release|Any CPU.ActiveCfg = Release|Any CPU
		{4B479C0D-4C8A-6EBF-15FD-C016AB5A143B}.Release|Any CPU.Build.0 = Release|Any CPU
		{134B92BF-94DD-8712-377A-E3DF0EA85AFF}.Debug|Any CPU.ActiveCfg = Debug|Any CPU
		{134B92BF-94DD-8712-377A-E3DF0EA85AFF}.Debug|Any CPU.Build.0 = Debug|Any CPU
		{134B92BF-94DD-8712-377A-E3DF0EA85AFF}.Release|Any CPU.ActiveCfg = Release|Any CPU
		{134B92BF-94DD-8712-377A-E3DF0EA85AFF}.Release|Any CPU.Build.0 = Release|Any CPU
		{3971B890-75D8-DF7A-BC55-A2ABC72E5703}.Debug|Any CPU.ActiveCfg = Debug|Any CPU
		{3971B890-75D8-DF7A-BC55-A2ABC72E5703}.Debug|Any CPU.Build.0 = Debug|Any CPU
		{3971B890-75D8-DF7A-BC55-A2ABC72E5703}.Release|Any CPU.ActiveCfg = Release|Any CPU
		{3971B890-75D8-DF7A-BC55-A2ABC72E5703}.Release|Any CPU.Build.0 = Release|Any CPU
		{8A006E23-3EFC-962D-29C4-F3694EFEFDED}.Debug|Any CPU.ActiveCfg = Debug|Any CPU
		{8A006E23-3EFC-962D-29C4-F3694EFEFDED}.Debug|Any CPU.Build.0 = Debug|Any CPU
		{8A006E23-3EFC-962D-29C4-F3694EFEFDED}.Release|Any CPU.ActiveCfg = Release|Any CPU
		{8A006E23-3EFC-962D-29C4-F3694EFEFDED}.Release|Any CPU.Build.0 = Release|Any CPU
		{A0B78C59-7C24-FCDB-94AA-CB7C0F76FDEB}.Debug|Any CPU.ActiveCfg = Debug|Any CPU
		{A0B78C59-7C24-FCDB-94AA-CB7C0F76FDEB}.Debug|Any CPU.Build.0 = Debug|Any CPU
		{A0B78C59-7C24-FCDB-94AA-CB7C0F76FDEB}.Release|Any CPU.ActiveCfg = Release|Any CPU
		{A0B78C59-7C24-FCDB-94AA-CB7C0F76FDEB}.Release|Any CPU.Build.0 = Release|Any CPU
		{893B2507-6BDC-C74F-8BB2-AD08DCBFCCA5}.Debug|Any CPU.ActiveCfg = Debug|Any CPU
		{893B2507-6BDC-C74F-8BB2-AD08DCBFCCA5}.Debug|Any CPU.Build.0 = Debug|Any CPU
		{893B2507-6BDC-C74F-8BB2-AD08DCBFCCA5}.Release|Any CPU.ActiveCfg = Release|Any CPU
		{893B2507-6BDC-C74F-8BB2-AD08DCBFCCA5}.Release|Any CPU.Build.0 = Release|Any CPU
		{EA5CE510-FD3D-C8F6-4C92-AB6A2D2402CE}.Debug|Any CPU.ActiveCfg = Debug|Any CPU
		{EA5CE510-FD3D-C8F6-4C92-AB6A2D2402CE}.Debug|Any CPU.Build.0 = Debug|Any CPU
		{EA5CE510-FD3D-C8F6-4C92-AB6A2D2402CE}.Release|Any CPU.ActiveCfg = Release|Any CPU
		{EA5CE510-FD3D-C8F6-4C92-AB6A2D2402CE}.Release|Any CPU.Build.0 = Release|Any CPU
		{740F2803-E803-32E5-9316-CB43173865A0}.Debug|Any CPU.ActiveCfg = Debug|Any CPU
		{740F2803-E803-32E5-9316-CB43173865A0}.Debug|Any CPU.Build.0 = Debug|Any CPU
		{740F2803-E803-32E5-9316-CB43173865A0}.Release|Any CPU.ActiveCfg = Release|Any CPU
		{740F2803-E803-32E5-9316-CB43173865A0}.Release|Any CPU.Build.0 = Release|Any CPU
		{8901FC53-E222-39CF-70CE-EC778FED7DD3}.Debug|Any CPU.ActiveCfg = Debug|Any CPU
		{8901FC53-E222-39CF-70CE-EC778FED7DD3}.Debug|Any CPU.Build.0 = Debug|Any CPU
		{8901FC53-E222-39CF-70CE-EC778FED7DD3}.Release|Any CPU.ActiveCfg = Release|Any CPU
		{8901FC53-E222-39CF-70CE-EC778FED7DD3}.Release|Any CPU.Build.0 = Release|Any CPU
		{44B02703-10D4-B689-AACC-4888D2CA2479}.Debug|Any CPU.ActiveCfg = Debug|Any CPU
		{44B02703-10D4-B689-AACC-4888D2CA2479}.Debug|Any CPU.Build.0 = Debug|Any CPU
		{44B02703-10D4-B689-AACC-4888D2CA2479}.Release|Any CPU.ActiveCfg = Release|Any CPU
		{44B02703-10D4-B689-AACC-4888D2CA2479}.Release|Any CPU.Build.0 = Release|Any CPU
		{371FBD57-C68F-4BC7-3742-49A44E2583BD}.Debug|Any CPU.ActiveCfg = Debug|Any CPU
		{371FBD57-C68F-4BC7-3742-49A44E2583BD}.Debug|Any CPU.Build.0 = Debug|Any CPU
		{371FBD57-C68F-4BC7-3742-49A44E2583BD}.Release|Any CPU.ActiveCfg = Release|Any CPU
		{371FBD57-C68F-4BC7-3742-49A44E2583BD}.Release|Any CPU.Build.0 = Release|Any CPU
		{B90CE1CF-FC2A-1A0C-F172-A71A5EBEF588}.Debug|Any CPU.ActiveCfg = Debug|Any CPU
		{B90CE1CF-FC2A-1A0C-F172-A71A5EBEF588}.Debug|Any CPU.Build.0 = Debug|Any CPU
		{B90CE1CF-FC2A-1A0C-F172-A71A5EBEF588}.Release|Any CPU.ActiveCfg = Release|Any CPU
		{B90CE1CF-FC2A-1A0C-F172-A71A5EBEF588}.Release|Any CPU.Build.0 = Release|Any CPU
		{83CC8FCE-DD67-5C14-C389-612614983752}.Debug|Any CPU.ActiveCfg = Debug|Any CPU
		{83CC8FCE-DD67-5C14-C389-612614983752}.Debug|Any CPU.Build.0 = Debug|Any CPU
		{83CC8FCE-DD67-5C14-C389-612614983752}.Release|Any CPU.ActiveCfg = Release|Any CPU
		{83CC8FCE-DD67-5C14-C389-612614983752}.Release|Any CPU.Build.0 = Release|Any CPU
		{15C66372-7943-006E-7441-033F31EF469E}.Debug|Any CPU.ActiveCfg = Debug|Any CPU
		{15C66372-7943-006E-7441-033F31EF469E}.Debug|Any CPU.Build.0 = Debug|Any CPU
		{15C66372-7943-006E-7441-033F31EF469E}.Release|Any CPU.ActiveCfg = Release|Any CPU
		{15C66372-7943-006E-7441-033F31EF469E}.Release|Any CPU.Build.0 = Release|Any CPU
		{71BCBD35-C6EC-8ED7-2D87-B7D6C6432B0B}.Debug|Any CPU.ActiveCfg = Debug|Any CPU
		{71BCBD35-C6EC-8ED7-2D87-B7D6C6432B0B}.Debug|Any CPU.Build.0 = Debug|Any CPU
		{71BCBD35-C6EC-8ED7-2D87-B7D6C6432B0B}.Release|Any CPU.ActiveCfg = Release|Any CPU
		{71BCBD35-C6EC-8ED7-2D87-B7D6C6432B0B}.Release|Any CPU.Build.0 = Release|Any CPU
		{9A888F64-DF11-E5FC-D438-CEEB0E235BE5}.Debug|Any CPU.ActiveCfg = Debug|Any CPU
		{9A888F64-DF11-E5FC-D438-CEEB0E235BE5}.Debug|Any CPU.Build.0 = Debug|Any CPU
		{9A888F64-DF11-E5FC-D438-CEEB0E235BE5}.Release|Any CPU.ActiveCfg = Release|Any CPU
		{9A888F64-DF11-E5FC-D438-CEEB0E235BE5}.Release|Any CPU.Build.0 = Release|Any CPU
		{588A6226-B3D3-6539-353C-D197AA17282F}.Debug|Any CPU.ActiveCfg = Debug|Any CPU
		{588A6226-B3D3-6539-353C-D197AA17282F}.Debug|Any CPU.Build.0 = Debug|Any CPU
		{588A6226-B3D3-6539-353C-D197AA17282F}.Release|Any CPU.ActiveCfg = Release|Any CPU
		{588A6226-B3D3-6539-353C-D197AA17282F}.Release|Any CPU.Build.0 = Release|Any CPU
		{1055A419-C922-9644-6221-B16F43474C72}.Debug|Any CPU.ActiveCfg = Debug|Any CPU
		{1055A419-C922-9644-6221-B16F43474C72}.Debug|Any CPU.Build.0 = Debug|Any CPU
		{1055A419-C922-9644-6221-B16F43474C72}.Release|Any CPU.ActiveCfg = Release|Any CPU
		{1055A419-C922-9644-6221-B16F43474C72}.Release|Any CPU.Build.0 = Release|Any CPU
		{49ABCE22-1730-A264-F693-DA708B62D975}.Debug|Any CPU.ActiveCfg = Debug|Any CPU
		{49ABCE22-1730-A264-F693-DA708B62D975}.Debug|Any CPU.Build.0 = Debug|Any CPU
		{49ABCE22-1730-A264-F693-DA708B62D975}.Release|Any CPU.ActiveCfg = Release|Any CPU
		{49ABCE22-1730-A264-F693-DA708B62D975}.Release|Any CPU.Build.0 = Release|Any CPU
		{7329B97A-C76B-78F7-3C80-1B68B8D81806}.Debug|Any CPU.ActiveCfg = Debug|Any CPU
		{7329B97A-C76B-78F7-3C80-1B68B8D81806}.Debug|Any CPU.Build.0 = Debug|Any CPU
		{7329B97A-C76B-78F7-3C80-1B68B8D81806}.Release|Any CPU.ActiveCfg = Release|Any CPU
		{7329B97A-C76B-78F7-3C80-1B68B8D81806}.Release|Any CPU.Build.0 = Release|Any CPU
		{B28EAAB3-B75E-9D87-E90E-5472A46AE771}.Debug|Any CPU.ActiveCfg = Debug|Any CPU
		{B28EAAB3-B75E-9D87-E90E-5472A46AE771}.Debug|Any CPU.Build.0 = Debug|Any CPU
		{B28EAAB3-B75E-9D87-E90E-5472A46AE771}.Release|Any CPU.ActiveCfg = Release|Any CPU
		{B28EAAB3-B75E-9D87-E90E-5472A46AE771}.Release|Any CPU.Build.0 = Release|Any CPU
		{B019F361-3043-2F02-530F-510BD867B76C}.Debug|Any CPU.ActiveCfg = Debug|Any CPU
		{B019F361-3043-2F02-530F-510BD867B76C}.Debug|Any CPU.Build.0 = Debug|Any CPU
		{B019F361-3043-2F02-530F-510BD867B76C}.Release|Any CPU.ActiveCfg = Release|Any CPU
		{B019F361-3043-2F02-530F-510BD867B76C}.Release|Any CPU.Build.0 = Release|Any CPU
		{7AD9381D-5AC9-9755-5DF4-0C88DF13FB15}.Debug|Any CPU.ActiveCfg = Debug|Any CPU
		{7AD9381D-5AC9-9755-5DF4-0C88DF13FB15}.Debug|Any CPU.Build.0 = Debug|Any CPU
		{7AD9381D-5AC9-9755-5DF4-0C88DF13FB15}.Release|Any CPU.ActiveCfg = Release|Any CPU
		{7AD9381D-5AC9-9755-5DF4-0C88DF13FB15}.Release|Any CPU.Build.0 = Release|Any CPU
		{F9878C11-9F49-E185-D1D5-D04AB1FA9CF3}.Debug|Any CPU.ActiveCfg = Debug|Any CPU
		{F9878C11-9F49-E185-D1D5-D04AB1FA9CF3}.Debug|Any CPU.Build.0 = Debug|Any CPU
		{F9878C11-9F49-E185-D1D5-D04AB1FA9CF3}.Release|Any CPU.ActiveCfg = Release|Any CPU
		{F9878C11-9F49-E185-D1D5-D04AB1FA9CF3}.Release|Any CPU.Build.0 = Release|Any CPU
		{E6A97DCC-CEC7-D983-0B94-1A28B0B69184}.Debug|Any CPU.ActiveCfg = Debug|Any CPU
		{E6A97DCC-CEC7-D983-0B94-1A28B0B69184}.Debug|Any CPU.Build.0 = Debug|Any CPU
		{E6A97DCC-CEC7-D983-0B94-1A28B0B69184}.Release|Any CPU.ActiveCfg = Release|Any CPU
		{E6A97DCC-CEC7-D983-0B94-1A28B0B69184}.Release|Any CPU.Build.0 = Release|Any CPU
		{B0905D0A-0CC0-9CC2-A33A-50453FF82094}.Debug|Any CPU.ActiveCfg = Debug|Any CPU
		{B0905D0A-0CC0-9CC2-A33A-50453FF82094}.Debug|Any CPU.Build.0 = Debug|Any CPU
		{B0905D0A-0CC0-9CC2-A33A-50453FF82094}.Release|Any CPU.ActiveCfg = Release|Any CPU
		{B0905D0A-0CC0-9CC2-A33A-50453FF82094}.Release|Any CPU.Build.0 = Release|Any CPU
		{DCB8EAD3-62A0-9F15-43B5-6CE2B44500B4}.Debug|Any CPU.ActiveCfg = Debug|Any CPU
		{DCB8EAD3-62A0-9F15-43B5-6CE2B44500B4}.Debug|Any CPU.Build.0 = Debug|Any CPU
		{DCB8EAD3-62A0-9F15-43B5-6CE2B44500B4}.Release|Any CPU.ActiveCfg = Release|Any CPU
		{DCB8EAD3-62A0-9F15-43B5-6CE2B44500B4}.Release|Any CPU.Build.0 = Release|Any CPU
		{01817B8B-97B1-C1BC-53B3-021F15B66497}.Debug|Any CPU.ActiveCfg = Debug|Any CPU
		{01817B8B-97B1-C1BC-53B3-021F15B66497}.Debug|Any CPU.Build.0 = Debug|Any CPU
		{01817B8B-97B1-C1BC-53B3-021F15B66497}.Release|Any CPU.ActiveCfg = Release|Any CPU
		{01817B8B-97B1-C1BC-53B3-021F15B66497}.Release|Any CPU.Build.0 = Release|Any CPU
		{DD468FAB-AF66-6EEF-1A89-F5B6FEFBCAE2}.Debug|Any CPU.ActiveCfg = Debug|Any CPU
		{DD468FAB-AF66-6EEF-1A89-F5B6FEFBCAE2}.Debug|Any CPU.Build.0 = Debug|Any CPU
		{DD468FAB-AF66-6EEF-1A89-F5B6FEFBCAE2}.Release|Any CPU.ActiveCfg = Release|Any CPU
		{DD468FAB-AF66-6EEF-1A89-F5B6FEFBCAE2}.Release|Any CPU.Build.0 = Release|Any CPU
		{2B926502-642C-B65C-7A88-35D8F41D379F}.Debug|Any CPU.ActiveCfg = Debug|Any CPU
		{2B926502-642C-B65C-7A88-35D8F41D379F}.Debug|Any CPU.Build.0 = Debug|Any CPU
		{2B926502-642C-B65C-7A88-35D8F41D379F}.Release|Any CPU.ActiveCfg = Release|Any CPU
		{2B926502-642C-B65C-7A88-35D8F41D379F}.Release|Any CPU.Build.0 = Release|Any CPU
		{522FE76C-F8F6-E5B9-EF06-B0DADF2FEA16}.Debug|Any CPU.ActiveCfg = Debug|Any CPU
		{522FE76C-F8F6-E5B9-EF06-B0DADF2FEA16}.Debug|Any CPU.Build.0 = Debug|Any CPU
		{522FE76C-F8F6-E5B9-EF06-B0DADF2FEA16}.Release|Any CPU.ActiveCfg = Release|Any CPU
		{522FE76C-F8F6-E5B9-EF06-B0DADF2FEA16}.Release|Any CPU.Build.0 = Release|Any CPU
		{4453B5ED-84C2-26B6-E7A9-F8D350339B6C}.Debug|Any CPU.ActiveCfg = Debug|Any CPU
		{4453B5ED-84C2-26B6-E7A9-F8D350339B6C}.Debug|Any CPU.Build.0 = Debug|Any CPU
		{4453B5ED-84C2-26B6-E7A9-F8D350339B6C}.Release|Any CPU.ActiveCfg = Release|Any CPU
		{4453B5ED-84C2-26B6-E7A9-F8D350339B6C}.Release|Any CPU.Build.0 = Release|Any CPU
		{8DB36B21-2E6F-1FEB-8C72-B003E9A24B78}.Debug|Any CPU.ActiveCfg = Debug|Any CPU
		{8DB36B21-2E6F-1FEB-8C72-B003E9A24B78}.Debug|Any CPU.Build.0 = Debug|Any CPU
		{8DB36B21-2E6F-1FEB-8C72-B003E9A24B78}.Release|Any CPU.ActiveCfg = Release|Any CPU
		{8DB36B21-2E6F-1FEB-8C72-B003E9A24B78}.Release|Any CPU.Build.0 = Release|Any CPU
		{0C3BF8C0-430C-9F23-ED07-04B15D79AE4C}.Debug|Any CPU.ActiveCfg = Debug|Any CPU
		{0C3BF8C0-430C-9F23-ED07-04B15D79AE4C}.Debug|Any CPU.Build.0 = Debug|Any CPU
		{0C3BF8C0-430C-9F23-ED07-04B15D79AE4C}.Release|Any CPU.ActiveCfg = Release|Any CPU
		{0C3BF8C0-430C-9F23-ED07-04B15D79AE4C}.Release|Any CPU.Build.0 = Release|Any CPU
		{4E79DBD0-973C-49A1-2B1B-5C029454775F}.Debug|Any CPU.ActiveCfg = Debug|Any CPU
		{4E79DBD0-973C-49A1-2B1B-5C029454775F}.Debug|Any CPU.Build.0 = Debug|Any CPU
		{4E79DBD0-973C-49A1-2B1B-5C029454775F}.Release|Any CPU.ActiveCfg = Release|Any CPU
		{4E79DBD0-973C-49A1-2B1B-5C029454775F}.Release|Any CPU.Build.0 = Release|Any CPU
		{D831AD29-5F10-CB75-4706-1635460072A3}.Debug|Any CPU.ActiveCfg = Debug|Any CPU
		{D831AD29-5F10-CB75-4706-1635460072A3}.Debug|Any CPU.Build.0 = Debug|Any CPU
		{D831AD29-5F10-CB75-4706-1635460072A3}.Release|Any CPU.ActiveCfg = Release|Any CPU
		{D831AD29-5F10-CB75-4706-1635460072A3}.Release|Any CPU.Build.0 = Release|Any CPU
		{0FD93875-D859-FEA5-815C-3C21FA2AC609}.Debug|Any CPU.ActiveCfg = Debug|Any CPU
		{0FD93875-D859-FEA5-815C-3C21FA2AC609}.Debug|Any CPU.Build.0 = Debug|Any CPU
		{0FD93875-D859-FEA5-815C-3C21FA2AC609}.Release|Any CPU.ActiveCfg = Release|Any CPU
		{0FD93875-D859-FEA5-815C-3C21FA2AC609}.Release|Any CPU.Build.0 = Release|Any CPU
		{0146B455-4CB8-050B-E3F9-2C02BC8DF677}.Debug|Any CPU.ActiveCfg = Debug|Any CPU
		{0146B455-4CB8-050B-E3F9-2C02BC8DF677}.Debug|Any CPU.Build.0 = Debug|Any CPU
		{0146B455-4CB8-050B-E3F9-2C02BC8DF677}.Release|Any CPU.ActiveCfg = Release|Any CPU
		{0146B455-4CB8-050B-E3F9-2C02BC8DF677}.Release|Any CPU.Build.0 = Release|Any CPU
		{2927A191-0E2C-4A07-2331-2C91E3D67C25}.Debug|Any CPU.ActiveCfg = Debug|Any CPU
		{2927A191-0E2C-4A07-2331-2C91E3D67C25}.Debug|Any CPU.Build.0 = Debug|Any CPU
		{2927A191-0E2C-4A07-2331-2C91E3D67C25}.Release|Any CPU.ActiveCfg = Release|Any CPU
		{2927A191-0E2C-4A07-2331-2C91E3D67C25}.Release|Any CPU.Build.0 = Release|Any CPU
		{28978A9C-BCE1-B0E3-FECA-FA950E9C03D7}.Debug|Any CPU.ActiveCfg = Debug|Any CPU
		{28978A9C-BCE1-B0E3-FECA-FA950E9C03D7}.Debug|Any CPU.Build.0 = Debug|Any CPU
		{28978A9C-BCE1-B0E3-FECA-FA950E9C03D7}.Release|Any CPU.ActiveCfg = Release|Any CPU
		{28978A9C-BCE1-B0E3-FECA-FA950E9C03D7}.Release|Any CPU.Build.0 = Release|Any CPU
		{DA14E10E-90DB-26A8-21CC-4FA50F964124}.Debug|Any CPU.ActiveCfg = Debug|Any CPU
		{DA14E10E-90DB-26A8-21CC-4FA50F964124}.Debug|Any CPU.Build.0 = Debug|Any CPU
		{DA14E10E-90DB-26A8-21CC-4FA50F964124}.Release|Any CPU.ActiveCfg = Release|Any CPU
		{DA14E10E-90DB-26A8-21CC-4FA50F964124}.Release|Any CPU.Build.0 = Release|Any CPU
	EndGlobalSection
	GlobalSection(SolutionProperties) = preSolution
		HideSolutionNode = FALSE
	EndGlobalSection
EndGlobal
